PODS:
  - FDFullscreenPopGesture (1.1)
  - JPImageresizerView (0.4.7):
    - FDFullscreenPopGesture

DEPENDENCIES:
  - JPImageresizerView (from `../`)

SPEC REPOS:
  https://github.com/cocoapods/specs.git:
    - FDFullscreenPopGesture

EXTERNAL SOURCES:
  JPImageresizerView:
    :path: "../"

SPEC CHECKSUMS:
  FDFullscreenPopGesture: a8a620179e3d9c40e8e00256dcee1c1a27c6d0f0
  JPImageresizerView: bcf4cf6412f6d1c031140c1794ecbcbec407ab90

PODFILE CHECKSUM: d4592ca9b8332f2381dee8f989ad49cde9853087

COCOAPODS: 1.5.3
